
Microsoft Visual Studio Solution File, Format Version 12.00
# Visual Studio Version 17
VisualStudioVersion = 17.5.33103.201
MinimumVisualStudioVersion = 10.0.40219.1
Project("{FAE04EC0-301F-11D3-BF4B-00C04F79EFBC}") = "example", "example\example.csproj", "{8E7680ED-DCFB-4DE6-B0A0-5522F0758848}"
EndProject
Project("{FAE04EC0-301F-11D3-BF4B-00C04F79EFBC}") = "DoneRedux", "lib\src\DoneRedux\DoneRedux.csproj", "{133AC406-09EF-47CC-B645-EB2664C11008}"
EndProject
Project("{FAE04EC0-301F-11D3-BF4B-00C04F79EFBC}") = "DoneReduxTest", "test\DoneReduxTest\DoneReduxTest.csproj", "{E020BA79-1769-4E3F-B68D-2097296D4F37}"
EndProject
Project("{2150E333-8FDC-42A3-9474-1A3956D46DE8}") = "解决方案项", "解决方案项", "{C4399B57-A09D-48C2-8780-80F4E30FD627}"
	ProjectSection(SolutionItems) = preProject
		.editorconfig = .editorconfig
	EndProjectSection
EndProject
Global
	GlobalSection(SolutionConfigurationPlatforms) = preSolution
		Debug|Any CPU = Debug|Any CPU
		Release|Any CPU = Release|Any CPU
	EndGlobalSection
	GlobalSection(ProjectConfigurationPlatforms) = postSolution
		{8E7680ED-DCFB-4DE6-B0A0-5522F0758848}.Debug|Any CPU.ActiveCfg = Debug|Any CPU
		{8E7680ED-DCFB-4DE6-B0A0-5522F0758848}.Debug|Any CPU.Build.0 = Debug|Any CPU
		{8E7680ED-DCFB-4DE6-B0A0-5522F0758848}.Debug|Any CPU.Deploy.0 = Debug|Any CPU
		{8E7680ED-DCFB-4DE6-B0A0-5522F0758848}.Release|Any CPU.ActiveCfg = Release|Any CPU
		{8E7680ED-DCFB-4DE6-B0A0-5522F0758848}.Release|Any CPU.Build.0 = Release|Any CPU
		{8E7680ED-DCFB-4DE6-B0A0-5522F0758848}.Release|Any CPU.Deploy.0 = Release|Any CPU
		{133AC406-09EF-47CC-B645-EB2664C11008}.Debug|Any CPU.ActiveCfg = Debug|Any CPU
		{133AC406-09EF-47CC-B645-EB2664C11008}.Debug|Any CPU.Build.0 = Debug|Any CPU
		{133AC406-09EF-47CC-B645-EB2664C11008}.Release|Any CPU.ActiveCfg = Release|Any CPU
		{133AC406-09EF-47CC-B645-EB2664C11008}.Release|Any CPU.Build.0 = Release|Any CPU
		{E020BA79-1769-4E3F-B68D-2097296D4F37}.Debug|Any CPU.ActiveCfg = Debug|Any CPU
		{E020BA79-1769-4E3F-B68D-2097296D4F37}.Debug|Any CPU.Build.0 = Debug|Any CPU
		{E020BA79-1769-4E3F-B68D-2097296D4F37}.Release|Any CPU.ActiveCfg = Release|Any CPU
		{E020BA79-1769-4E3F-B68D-2097296D4F37}.Release|Any CPU.Build.0 = Release|Any CPU
	EndGlobalSection
	GlobalSection(SolutionProperties) = preSolution
		HideSolutionNode = FALSE
	EndGlobalSection
	GlobalSection(ExtensibilityGlobals) = postSolution
		SolutionGuid = {D04E3D27-53D1-4C93-813D-BA4F0C9EE07D}
	EndGlobalSection
EndGlobal
