
Microsoft Visual Studio Solution File, Format Version 12.00
# Visual Studio Version 17
VisualStudioVersion = 17.5.33103.201
MinimumVisualStudioVersion = 10.0.40219.1
Project("{2150E333-8FDC-42A3-9474-1A3956D46DE8}") = "解决方案项", "解决方案项", "{C4399B57-A09D-48C2-8780-80F4E30FD627}"
	ProjectSection(SolutionItems) = preProject
		.editorconfig = .editorconfig
	EndProjectSection
EndProject
Project("{FAE04EC0-301F-11D3-BF4B-00C04F79EFBC}") = "redux", "lib\src\redux\redux.csproj", "{72E6E71A-B07F-4091-939B-474E038ACCD9}"
EndProject
Project("{FAE04EC0-301F-11D3-BF4B-00C04F79EFBC}") = "redux_tests", "test\redux_tests\redux_tests.csproj", "{5CB612E6-0586-4242-AD15-E829033E54C4}"
EndProject
Project("{9344BDBB-3E7F-41FC-A0DD-8665D75EE146}") = "example", "example\example.csproj", "{2377AE72-2BA0-4268-B1B1-E97A6FB080F6}"
EndProject
Project("{2150E333-8FDC-42A3-9474-1A3956D46DE8}") = "Solution Items", "Solution Items", "{59897D2D-8F0B-4DB4-9263-95115B716347}"
	ProjectSection(SolutionItems) = preProject
		README.md = README.md
	EndProjectSection
EndProject
Global
	GlobalSection(SolutionConfigurationPlatforms) = preSolution
		Debug|Any CPU = Debug|Any CPU
		Release|Any CPU = Release|Any CPU
	EndGlobalSection
	GlobalSection(ProjectConfigurationPlatforms) = postSolution
		{72E6E71A-B07F-4091-939B-474E038ACCD9}.Debug|Any CPU.ActiveCfg = Debug|Any CPU
		{72E6E71A-B07F-4091-939B-474E038ACCD9}.Debug|Any CPU.Build.0 = Debug|Any CPU
		{72E6E71A-B07F-4091-939B-474E038ACCD9}.Release|Any CPU.ActiveCfg = Release|Any CPU
		{72E6E71A-B07F-4091-939B-474E038ACCD9}.Release|Any CPU.Build.0 = Release|Any CPU
		{5CB612E6-0586-4242-AD15-E829033E54C4}.Debug|Any CPU.ActiveCfg = Debug|Any CPU
		{5CB612E6-0586-4242-AD15-E829033E54C4}.Debug|Any CPU.Build.0 = Debug|Any CPU
		{5CB612E6-0586-4242-AD15-E829033E54C4}.Release|Any CPU.ActiveCfg = Release|Any CPU
		{5CB612E6-0586-4242-AD15-E829033E54C4}.Release|Any CPU.Build.0 = Release|Any CPU
		{2377AE72-2BA0-4268-B1B1-E97A6FB080F6}.Debug|Any CPU.ActiveCfg = Debug|Any CPU
		{2377AE72-2BA0-4268-B1B1-E97A6FB080F6}.Debug|Any CPU.Build.0 = Debug|Any CPU
		{2377AE72-2BA0-4268-B1B1-E97A6FB080F6}.Debug|Any CPU.Deploy.0 = Debug|Any CPU
		{2377AE72-2BA0-4268-B1B1-E97A6FB080F6}.Release|Any CPU.ActiveCfg = Release|Any CPU
		{2377AE72-2BA0-4268-B1B1-E97A6FB080F6}.Release|Any CPU.Build.0 = Release|Any CPU
		{2377AE72-2BA0-4268-B1B1-E97A6FB080F6}.Release|Any CPU.Deploy.0 = Release|Any CPU
	EndGlobalSection
	GlobalSection(SolutionProperties) = preSolution
		HideSolutionNode = FALSE
	EndGlobalSection
	GlobalSection(ExtensibilityGlobals) = postSolution
		SolutionGuid = {D04E3D27-53D1-4C93-813D-BA4F0C9EE07D}
	EndGlobalSection
EndGlobal
