
Microsoft Visual Studio Solution File, Format Version 12.00
# Visual Studio Version 17
VisualStudioVersion = 17.5.33103.201
MinimumVisualStudioVersion = 10.0.40219.1
Project("{2150E333-8FDC-42A3-9474-1A3956D46DE8}") = "解决方案项", "解决方案项", "{C4399B57-A09D-48C2-8780-80F4E30FD627}"
	ProjectSection(SolutionItems) = preProject
		.editorconfig = .editorconfig
	EndProjectSection
EndProject
Project("{9A19103F-16F7-4668-BE54-9A1E7A4F7556}") = "redux", "lib\src\redux\redux.csproj", "{72E6E71A-B07F-4091-939B-474E038ACCD9}"
EndProject
Project("{9A19103F-16F7-4668-BE54-9A1E7A4F7556}") = "redux_tests", "test\redux_tests\redux_tests.csproj", "{5CB612E6-0586-4242-AD15-E829033E54C4}"
EndProject
Project("{2150E333-8FDC-42A3-9474-1A3956D46DE8}") = "Solution Items", "Solution Items", "{59897D2D-8F0B-4DB4-9263-95115B716347}"
	ProjectSection(SolutionItems) = preProject
		README.md = README.md
	EndProjectSection
EndProject
Project("{FAE04EC0-301F-11D3-BF4B-00C04F79EFBC}") = "example", "example\example.csproj", "{CF3314BB-725A-4800-BDFB-725F0523B77F}"
EndProject
Project("{FAE04EC0-301F-11D3-BF4B-00C04F79EFBC}") = "maui_redux", "lib\src\maui_redux\maui_redux.csproj", "{705259EF-59E5-4677-8D77-1ED7811D633F}"
EndProject
Project("{FAE04EC0-301F-11D3-BF4B-00C04F79EFBC}") = "maui_redux_tests", "test\maui_redux_tests\maui_redux_tests.csproj", "{320772E6-0CDD-46C0-A2A8-B100D230DBBD}"
EndProject
Global
	GlobalSection(SolutionConfigurationPlatforms) = preSolution
		Debug|Any CPU = Debug|Any CPU
		Release|Any CPU = Release|Any CPU
	EndGlobalSection
	GlobalSection(ProjectConfigurationPlatforms) = postSolution
		{72E6E71A-B07F-4091-939B-474E038ACCD9}.Debug|Any CPU.ActiveCfg = Debug|Any CPU
		{72E6E71A-B07F-4091-939B-474E038ACCD9}.Debug|Any CPU.Build.0 = Debug|Any CPU
		{72E6E71A-B07F-4091-939B-474E038ACCD9}.Release|Any CPU.ActiveCfg = Release|Any CPU
		{72E6E71A-B07F-4091-939B-474E038ACCD9}.Release|Any CPU.Build.0 = Release|Any CPU
		{5CB612E6-0586-4242-AD15-E829033E54C4}.Debug|Any CPU.ActiveCfg = Debug|Any CPU
		{5CB612E6-0586-4242-AD15-E829033E54C4}.Debug|Any CPU.Build.0 = Debug|Any CPU
		{5CB612E6-0586-4242-AD15-E829033E54C4}.Release|Any CPU.ActiveCfg = Release|Any CPU
		{5CB612E6-0586-4242-AD15-E829033E54C4}.Release|Any CPU.Build.0 = Release|Any CPU
		{CF3314BB-725A-4800-BDFB-725F0523B77F}.Debug|Any CPU.ActiveCfg = Debug|Any CPU
		{CF3314BB-725A-4800-BDFB-725F0523B77F}.Debug|Any CPU.Build.0 = Debug|Any CPU
		{CF3314BB-725A-4800-BDFB-725F0523B77F}.Release|Any CPU.ActiveCfg = Release|Any CPU
		{CF3314BB-725A-4800-BDFB-725F0523B77F}.Release|Any CPU.Build.0 = Release|Any CPU
		{705259EF-59E5-4677-8D77-1ED7811D633F}.Debug|Any CPU.ActiveCfg = Debug|Any CPU
		{705259EF-59E5-4677-8D77-1ED7811D633F}.Debug|Any CPU.Build.0 = Debug|Any CPU
		{705259EF-59E5-4677-8D77-1ED7811D633F}.Release|Any CPU.ActiveCfg = Release|Any CPU
		{705259EF-59E5-4677-8D77-1ED7811D633F}.Release|Any CPU.Build.0 = Release|Any CPU
		{320772E6-0CDD-46C0-A2A8-B100D230DBBD}.Debug|Any CPU.ActiveCfg = Debug|Any CPU
		{320772E6-0CDD-46C0-A2A8-B100D230DBBD}.Debug|Any CPU.Build.0 = Debug|Any CPU
		{320772E6-0CDD-46C0-A2A8-B100D230DBBD}.Release|Any CPU.ActiveCfg = Release|Any CPU
		{320772E6-0CDD-46C0-A2A8-B100D230DBBD}.Release|Any CPU.Build.0 = Release|Any CPU
	EndGlobalSection
	GlobalSection(SolutionProperties) = preSolution
		HideSolutionNode = FALSE
	EndGlobalSection
	GlobalSection(ExtensibilityGlobals) = postSolution
		SolutionGuid = {D04E3D27-53D1-4C93-813D-BA4F0C9EE07D}
	EndGlobalSection
EndGlobal
