
Microsoft Visual Studio Solution File, Format Version 12.00
# Visual Studio Version 16
VisualStudioVersion = 25.0.1705.0
MinimumVisualStudioVersion = 10.0.40219.1
Project("{FAE04EC0-301F-11D3-BF4B-00C04F79EFBC}") = "example", "example.csproj", "{51103408-2D47-47B8-8C99-A164CAEBF618}"
EndProject
Project("{FAE04EC0-301F-11D3-BF4B-00C04F79EFBC}") = "redux", "..\..\lib\src\redux\redux.csproj", "{BE8126C8-C96F-423B-91B7-4698006FC202}"
EndProject
Global
	GlobalSection(SolutionConfigurationPlatforms) = preSolution
		Debug|Any CPU = Debug|Any CPU
		Release|Any CPU = Release|Any CPU
	EndGlobalSection
	GlobalSection(ProjectConfigurationPlatforms) = postSolution
		{51103408-2D47-47B8-8C99-A164CAEBF618}.Debug|Any CPU.ActiveCfg = Debug|Any CPU
		{51103408-2D47-47B8-8C99-A164CAEBF618}.Debug|Any CPU.Build.0 = Debug|Any CPU
		{51103408-2D47-47B8-8C99-A164CAEBF618}.Release|Any CPU.ActiveCfg = Release|Any CPU
		{51103408-2D47-47B8-8C99-A164CAEBF618}.Release|Any CPU.Build.0 = Release|Any CPU
		{BE8126C8-C96F-423B-91B7-4698006FC202}.Debug|Any CPU.ActiveCfg = Debug|Any CPU
		{BE8126C8-C96F-423B-91B7-4698006FC202}.Debug|Any CPU.Build.0 = Debug|Any CPU
		{BE8126C8-C96F-423B-91B7-4698006FC202}.Release|Any CPU.ActiveCfg = Release|Any CPU
		{BE8126C8-C96F-423B-91B7-4698006FC202}.Release|Any CPU.Build.0 = Release|Any CPU
	EndGlobalSection
	GlobalSection(SolutionProperties) = preSolution
		HideSolutionNode = FALSE
	EndGlobalSection
	GlobalSection(ExtensibilityGlobals) = postSolution
		SolutionGuid = {1F8DA522-C598-449F-89C7-ED08D341F8AD}
	EndGlobalSection
EndGlobal
